
Microsoft Visual Studio Solution File, Format Version 12.00
Project("{FAE04EC0-301F-11D3-BF4B-00C04F79EFBC}") = "NTurtle.Core", "NTurtle.Core\NTurtle.Core.csproj", "{C7DF6F4A-0FC8-4060-AB7A-FCD726197780}"
EndProject
Global
	GlobalSection(SolutionConfigurationPlatforms) = preSolution
		Debug|Any CPU = Debug|Any CPU
		Release|Any CPU = Release|Any CPU
	EndGlobalSection
	GlobalSection(ProjectConfigurationPlatforms) = postSolution
		{C7DF6F4A-0FC8-4060-AB7A-FCD726197780}.Debug|Any CPU.ActiveCfg = Debug|Any CPU
		{C7DF6F4A-0FC8-4060-AB7A-FCD726197780}.Debug|Any CPU.Build.0 = Debug|Any CPU
		{C7DF6F4A-0FC8-4060-AB7A-FCD726197780}.Release|Any CPU.ActiveCfg = Release|Any CPU
		{C7DF6F4A-0FC8-4060-AB7A-FCD726197780}.Release|Any CPU.Build.0 = Release|Any CPU
	EndGlobalSection
EndGlobal
